{
  "nodes": {
    "commentary": {
      "flake": false,
      "locked": {
        "lastModified": 1729562730,
        "narHash": "sha256-0a45pvYAbMxwN2URFX1lxIFBwWCq46LPai2GnGuL0Uo=",
        "owner": "tpope",
        "repo": "vim-commentary",
        "rev": "64a654ef4a20db1727938338310209b6a63f60c9",
        "type": "github"
      },
      "original": {
        "owner": "tpope",
        "repo": "vim-commentary",
        "type": "github"
      }
    },
    "lspConfig": {
      "flake": false,
      "locked": {
        "lastModified": 1752946955,
        "narHash": "sha256-dr5zHWzlfUd4lSUZbqbWa9Fg/hPnN4tCnmHdKvO07nY=",
        "owner": "neovim",
        "repo": "nvim-lspconfig",
        "rev": "f47cd681d7cb6048876a2e908b6d8ba1e530d152",
        "type": "github"
      },
      "original": {
        "owner": "neovim",
        "repo": "nvim-lspconfig",
        "type": "github"
      }
    },
    "nixpkgs": {
      "locked": {
        "lastModified": 1752900028,
        "narHash": "sha256-dPALCtmik9Wr14MGqVXm+OQcv7vhPBXcWNIOThGnB/Q=",
        "owner": "NixOS",
        "repo": "nixpkgs",
        "rev": "6b4955211758ba47fac850c040a27f23b9b4008f",
        "type": "github"
      },
      "original": {
        "owner": "NixOS",
        "ref": "nixpkgs-unstable",
        "repo": "nixpkgs",
        "type": "github"
      }
    },
    "nvim": {
      "inputs": {
        "commentary": "commentary",
        "lspConfig": "lspConfig",
        "treeSitter": "treeSitter"
      },
      "locked": {
        "path": "./nvim",
        "type": "path"
      },
      "original": {
        "path": "./nvim",
        "type": "path"
      },
      "parent": []
    },
    "root": {
      "inputs": {
        "nixpkgs": "nixpkgs",
        "nvim": "nvim"
      }
    },
    "treeSitter": {
      "flake": false,
      "locked": {
        "lastModified": 1752942347,
        "narHash": "sha256-A/gncKK8gEYcB+QDXFp9KmHOiCG8hlUJrRw4LI8it1Q=",
        "owner": "nvim-treesitter",
        "repo": "nvim-treesitter",
        "rev": "20d77c2e5ba71315dee7dcf47456557413b1481e",
        "type": "github"
      },
      "original": {
        "owner": "nvim-treesitter",
        "ref": "main",
        "repo": "nvim-treesitter",
        "type": "github"
      }
    }
  },
  "root": "root",
  "version": 7
}
